// !$*UTF8*$!
{
	archiveVersion = 1;
	classes = {
	};
	objectVersion = 46;
	objects = {

/* Begin PBXBuildFile section */
		1ABEA2A41A829E0800840E83 /* UPKSingleRequestCapsule.m in Sources */ = {isa = PBXBuildFile; fileRef = 1ABEA2A31A829E0800840E83 /* UPKSingleRequestCapsule.m */; };
		1ABEA2A51A829E0800840E83 /* UPKSingleRequestCapsule.m in Sources */ = {isa = PBXBuildFile; fileRef = 1ABEA2A31A829E0800840E83 /* UPKSingleRequestCapsule.m */; };
		1ABEA2A71A82C55E00840E83 /* UPKTwitDefault.db in Resources */ = {isa = PBXBuildFile; fileRef = 1ABEA2A61A82C55E00840E83 /* UPKTwitDefault.db */; };
		1ABEA2A81A82C55E00840E83 /* UPKTwitDefault.db in Resources */ = {isa = PBXBuildFile; fileRef = 1ABEA2A61A82C55E00840E83 /* UPKTwitDefault.db */; };
		1ABEA2AB1A83BF1800840E83 /* TestResponse.json in Resources */ = {isa = PBXBuildFile; fileRef = 1ABEA2AA1A83BF1800840E83 /* TestResponse.json */; };
		1ABEA2AC1A83BF1900840E83 /* TestResponse.json in Resources */ = {isa = PBXBuildFile; fileRef = 1ABEA2AA1A83BF1800840E83 /* TestResponse.json */; };
		1ABEA2AF1A83EAC100840E83 /* UPKData.m in Sources */ = {isa = PBXBuildFile; fileRef = 1ABEA2AE1A83EAC100840E83 /* UPKData.m */; };
		1ABEA2B01A83EAC100840E83 /* UPKData.m in Sources */ = {isa = PBXBuildFile; fileRef = 1ABEA2AE1A83EAC100840E83 /* UPKData.m */; };
		1ABEA2B31A83FE5F00840E83 /* UPKSingleTwitRequestCapsule.m in Sources */ = {isa = PBXBuildFile; fileRef = 1ABEA2B21A83FE5F00840E83 /* UPKSingleTwitRequestCapsule.m */; };
		1ABEA2B41A83FE5F00840E83 /* UPKSingleTwitRequestCapsule.m in Sources */ = {isa = PBXBuildFile; fileRef = 1ABEA2B21A83FE5F00840E83 /* UPKSingleTwitRequestCapsule.m */; };
		1ABEA2B81A841D3600840E83 /* UPKTwitCell.m in Sources */ = {isa = PBXBuildFile; fileRef = 1ABEA2B71A841D3600840E83 /* UPKTwitCell.m */; };
		1ABEA2B91A841D3600840E83 /* UPKTwitCell.m in Sources */ = {isa = PBXBuildFile; fileRef = 1ABEA2B71A841D3600840E83 /* UPKTwitCell.m */; };
		1ABEA2BD1A842FEA00840E83 /* UPKPreferences.m in Sources */ = {isa = PBXBuildFile; fileRef = 1ABEA2BC1A842FEA00840E83 /* UPKPreferences.m */; };
		1ABEA2BE1A842FEA00840E83 /* UPKPreferences.m in Sources */ = {isa = PBXBuildFile; fileRef = 1ABEA2BC1A842FEA00840E83 /* UPKPreferences.m */; };
		1AE5F7DF1A8011AF00699394 /* main.m in Sources */ = {isa = PBXBuildFile; fileRef = 1AE5F7DE1A8011AF00699394 /* main.m */; };
		1AE5F7E21A8011AF00699394 /* AppDelegate.m in Sources */ = {isa = PBXBuildFile; fileRef = 1AE5F7E11A8011AF00699394 /* AppDelegate.m */; };
		1AE5F7E51A8011AF00699394 /* FirstViewController.m in Sources */ = {isa = PBXBuildFile; fileRef = 1AE5F7E41A8011AF00699394 /* FirstViewController.m */; };
		1AE5F7E81A8011AF00699394 /* SecondViewController.m in Sources */ = {isa = PBXBuildFile; fileRef = 1AE5F7E71A8011AF00699394 /* SecondViewController.m */; };
		1AE5F7EB1A8011AF00699394 /* Main.storyboard in Resources */ = {isa = PBXBuildFile; fileRef = 1AE5F7E91A8011AF00699394 /* Main.storyboard */; };
		1AE5F7ED1A8011AF00699394 /* Images.xcassets in Resources */ = {isa = PBXBuildFile; fileRef = 1AE5F7EC1A8011AF00699394 /* Images.xcassets */; };
		1AE5F7F01A8011AF00699394 /* LaunchScreen.xib in Resources */ = {isa = PBXBuildFile; fileRef = 1AE5F7EE1A8011AF00699394 /* LaunchScreen.xib */; };
		1AE5F7FC1A8011AF00699394 /* TwitterCachedSTTests.m in Sources */ = {isa = PBXBuildFile; fileRef = 1AE5F7FB1A8011AF00699394 /* TwitterCachedSTTests.m */; };
		1AE5F8121A80135700699394 /* FMDatabase.m in Sources */ = {isa = PBXBuildFile; fileRef = 1AE5F8081A80135700699394 /* FMDatabase.m */; };
		1AE5F8131A80135700699394 /* FMDatabase.m in Sources */ = {isa = PBXBuildFile; fileRef = 1AE5F8081A80135700699394 /* FMDatabase.m */; };
		1AE5F8141A80135700699394 /* FMDatabaseAdditions.m in Sources */ = {isa = PBXBuildFile; fileRef = 1AE5F80A1A80135700699394 /* FMDatabaseAdditions.m */; };
		1AE5F8151A80135700699394 /* FMDatabaseAdditions.m in Sources */ = {isa = PBXBuildFile; fileRef = 1AE5F80A1A80135700699394 /* FMDatabaseAdditions.m */; };
		1AE5F8161A80135700699394 /* FMDatabasePool.m in Sources */ = {isa = PBXBuildFile; fileRef = 1AE5F80C1A80135700699394 /* FMDatabasePool.m */; };
		1AE5F8171A80135700699394 /* FMDatabasePool.m in Sources */ = {isa = PBXBuildFile; fileRef = 1AE5F80C1A80135700699394 /* FMDatabasePool.m */; };
		1AE5F8181A80135700699394 /* FMDatabaseQueue.m in Sources */ = {isa = PBXBuildFile; fileRef = 1AE5F80E1A80135700699394 /* FMDatabaseQueue.m */; };
		1AE5F8191A80135700699394 /* FMDatabaseQueue.m in Sources */ = {isa = PBXBuildFile; fileRef = 1AE5F80E1A80135700699394 /* FMDatabaseQueue.m */; };
		1AE5F81A1A80135700699394 /* FMResultSet.m in Sources */ = {isa = PBXBuildFile; fileRef = 1AE5F8111A80135700699394 /* FMResultSet.m */; };
		1AE5F81B1A80135700699394 /* FMResultSet.m in Sources */ = {isa = PBXBuildFile; fileRef = 1AE5F8111A80135700699394 /* FMResultSet.m */; };
		1AE5F8221A80143400699394 /* UPKTwit.m in Sources */ = {isa = PBXBuildFile; fileRef = 1AE5F8211A80143400699394 /* UPKTwit.m */; };
		1AE5F8231A80143400699394 /* UPKTwit.m in Sources */ = {isa = PBXBuildFile; fileRef = 1AE5F8211A80143400699394 /* UPKTwit.m */; };
		1AE5F8261A801A1D00699394 /* UPKUser.m in Sources */ = {isa = PBXBuildFile; fileRef = 1AE5F8251A801A1D00699394 /* UPKUser.m */; };
		1AE5F8271A801A1D00699394 /* UPKUser.m in Sources */ = {isa = PBXBuildFile; fileRef = 1AE5F8251A801A1D00699394 /* UPKUser.m */; };
		1AE5F82A1A801BE000699394 /* UPKDAO.m in Sources */ = {isa = PBXBuildFile; fileRef = 1AE5F8291A801BE000699394 /* UPKDAO.m */; };
		1AE5F82B1A801BE000699394 /* UPKDAO.m in Sources */ = {isa = PBXBuildFile; fileRef = 1AE5F8291A801BE000699394 /* UPKDAO.m */; };
		1AE5F82E1A802D0400699394 /* UPKClient.m in Sources */ = {isa = PBXBuildFile; fileRef = 1AE5F82D1A802D0400699394 /* UPKClient.m */; };
		1AE5F82F1A802D0400699394 /* UPKClient.m in Sources */ = {isa = PBXBuildFile; fileRef = 1AE5F82D1A802D0400699394 /* UPKClient.m */; };
		1AE5F8351A80459300699394 /* libsqlite3.dylib in Frameworks */ = {isa = PBXBuildFile; fileRef = 1AE5F8341A80459300699394 /* libsqlite3.dylib */; };
		1AE5F8361A8045B300699394 /* libsqlite3.dylib in Frameworks */ = {isa = PBXBuildFile; fileRef = 1AE5F8341A80459300699394 /* libsqlite3.dylib */; };
/* End PBXBuildFile section */

/* Begin PBXContainerItemProxy section */
		1AE5F7F61A8011AF00699394 /* PBXContainerItemProxy */ = {
			isa = PBXContainerItemProxy;
			containerPortal = 1AE5F7D11A8011AE00699394 /* Project object */;
			proxyType = 1;
			remoteGlobalIDString = 1AE5F7D81A8011AE00699394;
			remoteInfo = TwitterCachedST;
		};
/* End PBXContainerItemProxy section */

/* Begin PBXFileReference section */
		1ABEA2A21A829E0800840E83 /* UPKSingleRequestCapsule.h */ = {isa = PBXFileReference; fileEncoding = 4; lastKnownFileType = sourcecode.c.h; name = UPKSingleRequestCapsule.h; path = TwitterClient/UPKSingleRequestCapsule.h; sourceTree = "<group>"; };
		1ABEA2A31A829E0800840E83 /* UPKSingleRequestCapsule.m */ = {isa = PBXFileReference; fileEncoding = 4; lastKnownFileType = sourcecode.c.objc; name = UPKSingleRequestCapsule.m; path = TwitterClient/UPKSingleRequestCapsule.m; sourceTree = "<group>"; };
		1ABEA2A61A82C55E00840E83 /* UPKTwitDefault.db */ = {isa = PBXFileReference; lastKnownFileType = file; path = UPKTwitDefault.db; sourceTree = "<group>"; };
		1ABEA2AA1A83BF1800840E83 /* TestResponse.json */ = {isa = PBXFileReference; fileEncoding = 4; lastKnownFileType = text.json; path = TestResponse.json; sourceTree = "<group>"; };
		1ABEA2AD1A83EAC100840E83 /* UPKData.h */ = {isa = PBXFileReference; fileEncoding = 4; lastKnownFileType = sourcecode.c.h; name = UPKData.h; path = Model/UPKData.h; sourceTree = "<group>"; };
		1ABEA2AE1A83EAC100840E83 /* UPKData.m */ = {isa = PBXFileReference; fileEncoding = 4; lastKnownFileType = sourcecode.c.objc; name = UPKData.m; path = Model/UPKData.m; sourceTree = "<group>"; };
		1ABEA2B11A83FE5F00840E83 /* UPKSingleTwitRequestCapsule.h */ = {isa = PBXFileReference; fileEncoding = 4; lastKnownFileType = sourcecode.c.h; name = UPKSingleTwitRequestCapsule.h; path = TwitterClient/UPKSingleTwitRequestCapsule.h; sourceTree = "<group>"; };
		1ABEA2B21A83FE5F00840E83 /* UPKSingleTwitRequestCapsule.m */ = {isa = PBXFileReference; fileEncoding = 4; lastKnownFileType = sourcecode.c.objc; name = UPKSingleTwitRequestCapsule.m; path = TwitterClient/UPKSingleTwitRequestCapsule.m; sourceTree = "<group>"; };
		1ABEA2B61A841D3600840E83 /* UPKTwitCell.h */ = {isa = PBXFileReference; fileEncoding = 4; lastKnownFileType = sourcecode.c.h; name = UPKTwitCell.h; path = TwitCell/UPKTwitCell.h; sourceTree = "<group>"; };
		1ABEA2B71A841D3600840E83 /* UPKTwitCell.m */ = {isa = PBXFileReference; fileEncoding = 4; lastKnownFileType = sourcecode.c.objc; name = UPKTwitCell.m; path = TwitCell/UPKTwitCell.m; sourceTree = "<group>"; };
		1ABEA2BB1A842FEA00840E83 /* UPKPreferences.h */ = {isa = PBXFileReference; fileEncoding = 4; lastKnownFileType = sourcecode.c.h; name = UPKPreferences.h; path = Preferences/UPKPreferences.h; sourceTree = "<group>"; };
		1ABEA2BC1A842FEA00840E83 /* UPKPreferences.m */ = {isa = PBXFileReference; fileEncoding = 4; lastKnownFileType = sourcecode.c.objc; name = UPKPreferences.m; path = Preferences/UPKPreferences.m; sourceTree = "<group>"; };
		1AE5F7D91A8011AE00699394 /* TwitterCachedST.app */ = {isa = PBXFileReference; explicitFileType = wrapper.application; includeInIndex = 0; path = TwitterCachedST.app; sourceTree = BUILT_PRODUCTS_DIR; };
		1AE5F7DD1A8011AF00699394 /* Info.plist */ = {isa = PBXFileReference; lastKnownFileType = text.plist.xml; path = Info.plist; sourceTree = "<group>"; };
		1AE5F7DE1A8011AF00699394 /* main.m */ = {isa = PBXFileReference; lastKnownFileType = sourcecode.c.objc; path = main.m; sourceTree = "<group>"; };
		1AE5F7E01A8011AF00699394 /* AppDelegate.h */ = {isa = PBXFileReference; lastKnownFileType = sourcecode.c.h; path = AppDelegate.h; sourceTree = "<group>"; };
		1AE5F7E11A8011AF00699394 /* AppDelegate.m */ = {isa = PBXFileReference; lastKnownFileType = sourcecode.c.objc; path = AppDelegate.m; sourceTree = "<group>"; };
		1AE5F7E31A8011AF00699394 /* FirstViewController.h */ = {isa = PBXFileReference; lastKnownFileType = sourcecode.c.h; path = FirstViewController.h; sourceTree = "<group>"; };
		1AE5F7E41A8011AF00699394 /* FirstViewController.m */ = {isa = PBXFileReference; lastKnownFileType = sourcecode.c.objc; path = FirstViewController.m; sourceTree = "<group>"; };
		1AE5F7E61A8011AF00699394 /* SecondViewController.h */ = {isa = PBXFileReference; lastKnownFileType = sourcecode.c.h; path = SecondViewController.h; sourceTree = "<group>"; };
		1AE5F7E71A8011AF00699394 /* SecondViewController.m */ = {isa = PBXFileReference; lastKnownFileType = sourcecode.c.objc; path = SecondViewController.m; sourceTree = "<group>"; };
		1AE5F7EA1A8011AF00699394 /* Base */ = {isa = PBXFileReference; lastKnownFileType = file.storyboard; name = Base; path = Base.lproj/Main.storyboard; sourceTree = "<group>"; };
		1AE5F7EC1A8011AF00699394 /* Images.xcassets */ = {isa = PBXFileReference; lastKnownFileType = folder.assetcatalog; path = Images.xcassets; sourceTree = "<group>"; };
		1AE5F7EF1A8011AF00699394 /* Base */ = {isa = PBXFileReference; lastKnownFileType = file.xib; name = Base; path = Base.lproj/LaunchScreen.xib; sourceTree = "<group>"; };
		1AE5F7F51A8011AF00699394 /* TwitterCachedSTTests.xctest */ = {isa = PBXFileReference; explicitFileType = wrapper.cfbundle; includeInIndex = 0; path = TwitterCachedSTTests.xctest; sourceTree = BUILT_PRODUCTS_DIR; };
		1AE5F7FA1A8011AF00699394 /* Info.plist */ = {isa = PBXFileReference; lastKnownFileType = text.plist.xml; path = Info.plist; sourceTree = "<group>"; };
		1AE5F7FB1A8011AF00699394 /* TwitterCachedSTTests.m */ = {isa = PBXFileReference; lastKnownFileType = sourcecode.c.objc; path = TwitterCachedSTTests.m; sourceTree = "<group>"; };
		1AE5F8071A80135700699394 /* FMDatabase.h */ = {isa = PBXFileReference; fileEncoding = 4; lastKnownFileType = sourcecode.c.h; path = FMDatabase.h; sourceTree = "<group>"; };
		1AE5F8081A80135700699394 /* FMDatabase.m */ = {isa = PBXFileReference; fileEncoding = 4; lastKnownFileType = sourcecode.c.objc; path = FMDatabase.m; sourceTree = "<group>"; };
		1AE5F8091A80135700699394 /* FMDatabaseAdditions.h */ = {isa = PBXFileReference; fileEncoding = 4; lastKnownFileType = sourcecode.c.h; path = FMDatabaseAdditions.h; sourceTree = "<group>"; };
		1AE5F80A1A80135700699394 /* FMDatabaseAdditions.m */ = {isa = PBXFileReference; fileEncoding = 4; lastKnownFileType = sourcecode.c.objc; path = FMDatabaseAdditions.m; sourceTree = "<group>"; };
		1AE5F80B1A80135700699394 /* FMDatabasePool.h */ = {isa = PBXFileReference; fileEncoding = 4; lastKnownFileType = sourcecode.c.h; path = FMDatabasePool.h; sourceTree = "<group>"; };
		1AE5F80C1A80135700699394 /* FMDatabasePool.m */ = {isa = PBXFileReference; fileEncoding = 4; lastKnownFileType = sourcecode.c.objc; path = FMDatabasePool.m; sourceTree = "<group>"; };
		1AE5F80D1A80135700699394 /* FMDatabaseQueue.h */ = {isa = PBXFileReference; fileEncoding = 4; lastKnownFileType = sourcecode.c.h; path = FMDatabaseQueue.h; sourceTree = "<group>"; };
		1AE5F80E1A80135700699394 /* FMDatabaseQueue.m */ = {isa = PBXFileReference; fileEncoding = 4; lastKnownFileType = sourcecode.c.objc; path = FMDatabaseQueue.m; sourceTree = "<group>"; };
		1AE5F80F1A80135700699394 /* FMDB.h */ = {isa = PBXFileReference; fileEncoding = 4; lastKnownFileType = sourcecode.c.h; path = FMDB.h; sourceTree = "<group>"; };
		1AE5F8101A80135700699394 /* FMResultSet.h */ = {isa = PBXFileReference; fileEncoding = 4; lastKnownFileType = sourcecode.c.h; path = FMResultSet.h; sourceTree = "<group>"; };
		1AE5F8111A80135700699394 /* FMResultSet.m */ = {isa = PBXFileReference; fileEncoding = 4; lastKnownFileType = sourcecode.c.objc; path = FMResultSet.m; sourceTree = "<group>"; };
		1AE5F8201A80143400699394 /* UPKTwit.h */ = {isa = PBXFileReference; fileEncoding = 4; lastKnownFileType = sourcecode.c.h; name = UPKTwit.h; path = Model/UPKTwit.h; sourceTree = "<group>"; };
		1AE5F8211A80143400699394 /* UPKTwit.m */ = {isa = PBXFileReference; fileEncoding = 4; lastKnownFileType = sourcecode.c.objc; name = UPKTwit.m; path = Model/UPKTwit.m; sourceTree = "<group>"; };
		1AE5F8241A801A1D00699394 /* UPKUser.h */ = {isa = PBXFileReference; fileEncoding = 4; lastKnownFileType = sourcecode.c.h; name = UPKUser.h; path = Model/UPKUser.h; sourceTree = "<group>"; };
		1AE5F8251A801A1D00699394 /* UPKUser.m */ = {isa = PBXFileReference; fileEncoding = 4; lastKnownFileType = sourcecode.c.objc; name = UPKUser.m; path = Model/UPKUser.m; sourceTree = "<group>"; };
		1AE5F8281A801BE000699394 /* UPKDAO.h */ = {isa = PBXFileReference; fileEncoding = 4; lastKnownFileType = sourcecode.c.h; name = UPKDAO.h; path = DAO/UPKDAO.h; sourceTree = "<group>"; };
		1AE5F8291A801BE000699394 /* UPKDAO.m */ = {isa = PBXFileReference; fileEncoding = 4; lastKnownFileType = sourcecode.c.objc; name = UPKDAO.m; path = DAO/UPKDAO.m; sourceTree = "<group>"; };
		1AE5F82C1A802D0400699394 /* UPKClient.h */ = {isa = PBXFileReference; fileEncoding = 4; lastKnownFileType = sourcecode.c.h; name = UPKClient.h; path = TwitterClient/UPKClient.h; sourceTree = "<group>"; };
		1AE5F82D1A802D0400699394 /* UPKClient.m */ = {isa = PBXFileReference; fileEncoding = 4; lastKnownFileType = sourcecode.c.objc; name = UPKClient.m; path = TwitterClient/UPKClient.m; sourceTree = "<group>"; };
		1AE5F8331A8031A600699394 /* UPKTwitAsyncProvider.h */ = {isa = PBXFileReference; lastKnownFileType = sourcecode.c.h; name = UPKTwitAsyncProvider.h; path = DataProviderProtocol/UPKTwitAsyncProvider.h; sourceTree = "<group>"; };
		1AE5F8341A80459300699394 /* libsqlite3.dylib */ = {isa = PBXFileReference; lastKnownFileType = "compiled.mach-o.dylib"; name = libsqlite3.dylib; path = usr/lib/libsqlite3.dylib; sourceTree = SDKROOT; };
/* End PBXFileReference section */

/* Begin PBXFrameworksBuildPhase section */
		1AE5F7D61A8011AE00699394 /* Frameworks */ = {
			isa = PBXFrameworksBuildPhase;
			buildActionMask = 2147483647;
			files = (
				1AE5F8351A80459300699394 /* libsqlite3.dylib in Frameworks */,
			);
			runOnlyForDeploymentPostprocessing = 0;
		};
		1AE5F7F21A8011AF00699394 /* Frameworks */ = {
			isa = PBXFrameworksBuildPhase;
			buildActionMask = 2147483647;
			files = (
				1AE5F8361A8045B300699394 /* libsqlite3.dylib in Frameworks */,
			);
			runOnlyForDeploymentPostprocessing = 0;
		};
/* End PBXFrameworksBuildPhase section */

/* Begin PBXGroup section */
		1ABEA2A11A829DDB00840E83 /* SingleRequestCapsule */ = {
			isa = PBXGroup;
			children = (
				1ABEA2A21A829E0800840E83 /* UPKSingleRequestCapsule.h */,
				1ABEA2A31A829E0800840E83 /* UPKSingleRequestCapsule.m */,
				1ABEA2B11A83FE5F00840E83 /* UPKSingleTwitRequestCapsule.h */,
				1ABEA2B21A83FE5F00840E83 /* UPKSingleTwitRequestCapsule.m */,
			);
			name = SingleRequestCapsule;
			sourceTree = "<group>";
		};
		1ABEA2B51A841CF800840E83 /* TwitCell */ = {
			isa = PBXGroup;
			children = (
				1ABEA2B61A841D3600840E83 /* UPKTwitCell.h */,
				1ABEA2B71A841D3600840E83 /* UPKTwitCell.m */,
			);
			name = TwitCell;
			sourceTree = "<group>";
		};
		1ABEA2BA1A842FC100840E83 /* Preferences */ = {
			isa = PBXGroup;
			children = (
				1ABEA2BB1A842FEA00840E83 /* UPKPreferences.h */,
				1ABEA2BC1A842FEA00840E83 /* UPKPreferences.m */,
			);
			name = Preferences;
			sourceTree = "<group>";
		};
		1AE5F7D01A8011AE00699394 = {
			isa = PBXGroup;
			children = (
				1ABEA2BA1A842FC100840E83 /* Preferences */,
				1AE5F8341A80459300699394 /* libsqlite3.dylib */,
				1AE5F8301A80311100699394 /* DataProviderProtocol */,
				1AE5F81F1A80138F00699394 /* TwitterClient */,
				1AE5F81E1A80138900699394 /* DAO */,
				1AE5F81D1A80137F00699394 /* Model */,
				1AE5F8051A80133A00699394 /* ThirtParty */,
				1AE5F7DB1A8011AE00699394 /* TwitterCachedST */,
				1AE5F7F81A8011AF00699394 /* TwitterCachedSTTests */,
				1AE5F7DA1A8011AE00699394 /* Products */,
			);
			sourceTree = "<group>";
		};
		1AE5F7DA1A8011AE00699394 /* Products */ = {
			isa = PBXGroup;
			children = (
				1AE5F7D91A8011AE00699394 /* TwitterCachedST.app */,
				1AE5F7F51A8011AF00699394 /* TwitterCachedSTTests.xctest */,
			);
			name = Products;
			sourceTree = "<group>";
		};
		1AE5F7DB1A8011AE00699394 /* TwitterCachedST */ = {
			isa = PBXGroup;
			children = (
				1ABEA2B51A841CF800840E83 /* TwitCell */,
				1AE5F7E01A8011AF00699394 /* AppDelegate.h */,
				1AE5F7E11A8011AF00699394 /* AppDelegate.m */,
				1AE5F7E31A8011AF00699394 /* FirstViewController.h */,
				1AE5F7E41A8011AF00699394 /* FirstViewController.m */,
				1AE5F7E61A8011AF00699394 /* SecondViewController.h */,
				1AE5F7E71A8011AF00699394 /* SecondViewController.m */,
				1AE5F7E91A8011AF00699394 /* Main.storyboard */,
				1AE5F7EC1A8011AF00699394 /* Images.xcassets */,
				1AE5F7EE1A8011AF00699394 /* LaunchScreen.xib */,
				1AE5F7DC1A8011AF00699394 /* Supporting Files */,
			);
			path = TwitterCachedST;
			sourceTree = "<group>";
		};
		1AE5F7DC1A8011AF00699394 /* Supporting Files */ = {
			isa = PBXGroup;
			children = (
				1ABEA2A61A82C55E00840E83 /* UPKTwitDefault.db */,
				1AE5F7DD1A8011AF00699394 /* Info.plist */,
				1AE5F7DE1A8011AF00699394 /* main.m */,
				1ABEA2AA1A83BF1800840E83 /* TestResponse.json */,
			);
			name = "Supporting Files";
			sourceTree = "<group>";
		};
		1AE5F7F81A8011AF00699394 /* TwitterCachedSTTests */ = {
			isa = PBXGroup;
			children = (
				1AE5F7FB1A8011AF00699394 /* TwitterCachedSTTests.m */,
				1AE5F7F91A8011AF00699394 /* Supporting Files */,
			);
			path = TwitterCachedSTTests;
			sourceTree = "<group>";
		};
		1AE5F7F91A8011AF00699394 /* Supporting Files */ = {
			isa = PBXGroup;
			children = (
				1AE5F7FA1A8011AF00699394 /* Info.plist */,
			);
			name = "Supporting Files";
			sourceTree = "<group>";
		};
		1AE5F8051A80133A00699394 /* ThirtParty */ = {
			isa = PBXGroup;
			children = (
				1AE5F8061A80135700699394 /* fmdb */,
			);
			name = ThirtParty;
			path = TwitterCachedST;
			sourceTree = "<group>";
		};
		1AE5F8061A80135700699394 /* fmdb */ = {
			isa = PBXGroup;
			children = (
				1AE5F8071A80135700699394 /* FMDatabase.h */,
				1AE5F8081A80135700699394 /* FMDatabase.m */,
				1AE5F8091A80135700699394 /* FMDatabaseAdditions.h */,
				1AE5F80A1A80135700699394 /* FMDatabaseAdditions.m */,
				1AE5F80B1A80135700699394 /* FMDatabasePool.h */,
				1AE5F80C1A80135700699394 /* FMDatabasePool.m */,
				1AE5F80D1A80135700699394 /* FMDatabaseQueue.h */,
				1AE5F80E1A80135700699394 /* FMDatabaseQueue.m */,
				1AE5F80F1A80135700699394 /* FMDB.h */,
				1AE5F8101A80135700699394 /* FMResultSet.h */,
				1AE5F8111A80135700699394 /* FMResultSet.m */,
			);
			path = fmdb;
			sourceTree = "<group>";
		};
		1AE5F81D1A80137F00699394 /* Model */ = {
			isa = PBXGroup;
			children = (
				1AE5F8201A80143400699394 /* UPKTwit.h */,
				1AE5F8211A80143400699394 /* UPKTwit.m */,
				1AE5F8241A801A1D00699394 /* UPKUser.h */,
				1AE5F8251A801A1D00699394 /* UPKUser.m */,
				1ABEA2AD1A83EAC100840E83 /* UPKData.h */,
				1ABEA2AE1A83EAC100840E83 /* UPKData.m */,
			);
			name = Model;
			sourceTree = "<group>";
		};
		1AE5F81E1A80138900699394 /* DAO */ = {
			isa = PBXGroup;
			children = (
				1AE5F8281A801BE000699394 /* UPKDAO.h */,
				1AE5F8291A801BE000699394 /* UPKDAO.m */,
			);
			name = DAO;
			sourceTree = "<group>";
		};
		1AE5F81F1A80138F00699394 /* TwitterClient */ = {
			isa = PBXGroup;
			children = (
				1ABEA2A11A829DDB00840E83 /* SingleRequestCapsule */,
				1AE5F82C1A802D0400699394 /* UPKClient.h */,
				1AE5F82D1A802D0400699394 /* UPKClient.m */,
			);
			name = TwitterClient;
			sourceTree = "<group>";
		};
		1AE5F8301A80311100699394 /* DataProviderProtocol */ = {
			isa = PBXGroup;
			children = (
				1AE5F8331A8031A600699394 /* UPKTwitAsyncProvider.h */,
			);
			name = DataProviderProtocol;
			sourceTree = "<group>";
		};
/* End PBXGroup section */

/* Begin PBXNativeTarget section */
		1AE5F7D81A8011AE00699394 /* TwitterCachedST */ = {
			isa = PBXNativeTarget;
			buildConfigurationList = 1AE5F7FF1A8011AF00699394 /* Build configuration list for PBXNativeTarget "TwitterCachedST" */;
			buildPhases = (
				1AE5F7D51A8011AE00699394 /* Sources */,
				1AE5F7D61A8011AE00699394 /* Frameworks */,
				1AE5F7D71A8011AE00699394 /* Resources */,
			);
			buildRules = (
			);
			dependencies = (
			);
			name = TwitterCachedST;
			productName = TwitterCachedST;
			productReference = 1AE5F7D91A8011AE00699394 /* TwitterCachedST.app */;
			productType = "com.apple.product-type.application";
		};
		1AE5F7F41A8011AF00699394 /* TwitterCachedSTTests */ = {
			isa = PBXNativeTarget;
			buildConfigurationList = 1AE5F8021A8011AF00699394 /* Build configuration list for PBXNativeTarget "TwitterCachedSTTests" */;
			buildPhases = (
				1AE5F7F11A8011AF00699394 /* Sources */,
				1AE5F7F21A8011AF00699394 /* Frameworks */,
				1AE5F7F31A8011AF00699394 /* Resources */,
			);
			buildRules = (
			);
			dependencies = (
				1AE5F7F71A8011AF00699394 /* PBXTargetDependency */,
			);
			name = TwitterCachedSTTests;
			productName = TwitterCachedSTTests;
			productReference = 1AE5F7F51A8011AF00699394 /* TwitterCachedSTTests.xctest */;
			productType = "com.apple.product-type.bundle.unit-test";
		};
/* End PBXNativeTarget section */

/* Begin PBXProject section */
		1AE5F7D11A8011AE00699394 /* Project object */ = {
			isa = PBXProject;
			attributes = {
				LastUpgradeCheck = 0610;
				ORGANIZATIONNAME = "Pavel Akhrameev";
				TargetAttributes = {
					1AE5F7D81A8011AE00699394 = {
						CreatedOnToolsVersion = 6.1.1;
					};
					1AE5F7F41A8011AF00699394 = {
						CreatedOnToolsVersion = 6.1.1;
						TestTargetID = 1AE5F7D81A8011AE00699394;
					};
				};
			};
			buildConfigurationList = 1AE5F7D41A8011AE00699394 /* Build configuration list for PBXProject "TwitterCachedST" */;
			compatibilityVersion = "Xcode 3.2";
			developmentRegion = English;
			hasScannedForEncodings = 0;
			knownRegions = (
				en,
				Base,
			);
			mainGroup = 1AE5F7D01A8011AE00699394;
			productRefGroup = 1AE5F7DA1A8011AE00699394 /* Products */;
			projectDirPath = "";
			projectRoot = "";
			targets = (
				1AE5F7D81A8011AE00699394 /* TwitterCachedST */,
				1AE5F7F41A8011AF00699394 /* TwitterCachedSTTests */,
			);
		};
/* End PBXProject section */

/* Begin PBXResourcesBuildPhase section */
		1AE5F7D71A8011AE00699394 /* Resources */ = {
			isa = PBXResourcesBuildPhase;
			buildActionMask = 2147483647;
			files = (
				1AE5F7EB1A8011AF00699394 /* Main.storyboard in Resources */,
				1AE5F7F01A8011AF00699394 /* LaunchScreen.xib in Resources */,
				1ABEA2AB1A83BF1800840E83 /* TestResponse.json in Resources */,
				1ABEA2A71A82C55E00840E83 /* UPKTwitDefault.db in Resources */,
				1AE5F7ED1A8011AF00699394 /* Images.xcassets in Resources */,
			);
			runOnlyForDeploymentPostprocessing = 0;
		};
		1AE5F7F31A8011AF00699394 /* Resources */ = {
			isa = PBXResourcesBuildPhase;
			buildActionMask = 2147483647;
			files = (
				1ABEA2AC1A83BF1900840E83 /* TestResponse.json in Resources */,
				1ABEA2A81A82C55E00840E83 /* UPKTwitDefault.db in Resources */,
			);
			runOnlyForDeploymentPostprocessing = 0;
		};
/* End PBXResourcesBuildPhase section */

/* Begin PBXSourcesBuildPhase section */
		1AE5F7D51A8011AE00699394 /* Sources */ = {
			isa = PBXSourcesBuildPhase;
			buildActionMask = 2147483647;
			files = (
				1AE5F7E81A8011AF00699394 /* SecondViewController.m in Sources */,
				1AE5F8181A80135700699394 /* FMDatabaseQueue.m in Sources */,
				1AE5F8261A801A1D00699394 /* UPKUser.m in Sources */,
				1AE5F82A1A801BE000699394 /* UPKDAO.m in Sources */,
				1AE5F7E21A8011AF00699394 /* AppDelegate.m in Sources */,
				1AE5F7E51A8011AF00699394 /* FirstViewController.m in Sources */,
				1ABEA2A41A829E0800840E83 /* UPKSingleRequestCapsule.m in Sources */,
				1ABEA2BD1A842FEA00840E83 /* UPKPreferences.m in Sources */,
				1AE5F8121A80135700699394 /* FMDatabase.m in Sources */,
				1ABEA2B31A83FE5F00840E83 /* UPKSingleTwitRequestCapsule.m in Sources */,
				1AE5F82E1A802D0400699394 /* UPKClient.m in Sources */,
				1AE5F8161A80135700699394 /* FMDatabasePool.m in Sources */,
				1AE5F8221A80143400699394 /* UPKTwit.m in Sources */,
				1ABEA2B81A841D3600840E83 /* UPKTwitCell.m in Sources */,
				1ABEA2AF1A83EAC100840E83 /* UPKData.m in Sources */,
				1AE5F81A1A80135700699394 /* FMResultSet.m in Sources */,
				1AE5F7DF1A8011AF00699394 /* main.m in Sources */,
				1AE5F8141A80135700699394 /* FMDatabaseAdditions.m in Sources */,
			);
			runOnlyForDeploymentPostprocessing = 0;
		};
		1AE5F7F11A8011AF00699394 /* Sources */ = {
			isa = PBXSourcesBuildPhase;
			buildActionMask = 2147483647;
			files = (
				1AE5F81B1A80135700699394 /* FMResultSet.m in Sources */,
				1ABEA2BE1A842FEA00840E83 /* UPKPreferences.m in Sources */,
				1AE5F8191A80135700699394 /* FMDatabaseQueue.m in Sources */,
				1ABEA2B01A83EAC100840E83 /* UPKData.m in Sources */,
				1AE5F7FC1A8011AF00699394 /* TwitterCachedSTTests.m in Sources */,
				1ABEA2B41A83FE5F00840E83 /* UPKSingleTwitRequestCapsule.m in Sources */,
				1AE5F8271A801A1D00699394 /* UPKUser.m in Sources */,
				1AE5F8171A80135700699394 /* FMDatabasePool.m in Sources */,
				1ABEA2A51A829E0800840E83 /* UPKSingleRequestCapsule.m in Sources */,
				1AE5F82F1A802D0400699394 /* UPKClient.m in Sources */,
				1AE5F8131A80135700699394 /* FMDatabase.m in Sources */,
				1AE5F82B1A801BE000699394 /* UPKDAO.m in Sources */,
				1AE5F8151A80135700699394 /* FMDatabaseAdditions.m in Sources */,
				1ABEA2B91A841D3600840E83 /* UPKTwitCell.m in Sources */,
				1AE5F8231A80143400699394 /* UPKTwit.m in Sources */,
			);
			runOnlyForDeploymentPostprocessing = 0;
		};
/* End PBXSourcesBuildPhase section */

/* Begin PBXTargetDependency section */
		1AE5F7F71A8011AF00699394 /* PBXTargetDependency */ = {
			isa = PBXTargetDependency;
			target = 1AE5F7D81A8011AE00699394 /* TwitterCachedST */;
			targetProxy = 1AE5F7F61A8011AF00699394 /* PBXContainerItemProxy */;
		};
/* End PBXTargetDependency section */

/* Begin PBXVariantGroup section */
		1AE5F7E91A8011AF00699394 /* Main.storyboard */ = {
			isa = PBXVariantGroup;
			children = (
				1AE5F7EA1A8011AF00699394 /* Base */,
			);
			name = Main.storyboard;
			sourceTree = "<group>";
		};
		1AE5F7EE1A8011AF00699394 /* LaunchScreen.xib */ = {
			isa = PBXVariantGroup;
			children = (
				1AE5F7EF1A8011AF00699394 /* Base */,
			);
			name = LaunchScreen.xib;
			sourceTree = "<group>";
		};
/* End PBXVariantGroup section */

/* Begin XCBuildConfiguration section */
		1AE5F7FD1A8011AF00699394 /* Debug */ = {
			isa = XCBuildConfiguration;
			buildSettings = {
				ALWAYS_SEARCH_USER_PATHS = NO;
				CLANG_CXX_LANGUAGE_STANDARD = "gnu++0x";
				CLANG_CXX_LIBRARY = "libc++";
				CLANG_ENABLE_MODULES = YES;
				CLANG_ENABLE_OBJC_ARC = YES;
				CLANG_WARN_BOOL_CONVERSION = YES;
				CLANG_WARN_CONSTANT_CONVERSION = YES;
				CLANG_WARN_DIRECT_OBJC_ISA_USAGE = YES_ERROR;
				CLANG_WARN_EMPTY_BODY = YES;
				CLANG_WARN_ENUM_CONVERSION = YES;
				CLANG_WARN_INT_CONVERSION = YES;
				CLANG_WARN_OBJC_ROOT_CLASS = YES_ERROR;
				CLANG_WARN_UNREACHABLE_CODE = YES;
				CLANG_WARN__DUPLICATE_METHOD_MATCH = YES;
				"CODE_SIGN_IDENTITY[sdk=iphoneos*]" = "iPhone Developer";
				COPY_PHASE_STRIP = NO;
				ENABLE_STRICT_OBJC_MSGSEND = YES;
				GCC_C_LANGUAGE_STANDARD = gnu99;
				GCC_DYNAMIC_NO_PIC = NO;
				GCC_OPTIMIZATION_LEVEL = 0;
				GCC_PREPROCESSOR_DEFINITIONS = (
					"DEBUG=1",
					"$(inherited)",
				);
				GCC_SYMBOLS_PRIVATE_EXTERN = NO;
				GCC_WARN_64_TO_32_BIT_CONVERSION = YES;
				GCC_WARN_ABOUT_RETURN_TYPE = YES_ERROR;
				GCC_WARN_UNDECLARED_SELECTOR = YES;
				GCC_WARN_UNINITIALIZED_AUTOS = YES_AGGRESSIVE;
				GCC_WARN_UNUSED_FUNCTION = YES;
				GCC_WARN_UNUSED_VARIABLE = YES;
				IPHONEOS_DEPLOYMENT_TARGET = 7.0;
				MTL_ENABLE_DEBUG_INFO = YES;
				ONLY_ACTIVE_ARCH = YES;
				SDKROOT = iphoneos;
			};
			name = Debug;
		};
		1AE5F7FE1A8011AF00699394 /* Release */ = {
			isa = XCBuildConfiguration;
			buildSettings = {
				ALWAYS_SEARCH_USER_PATHS = NO;
				CLANG_CXX_LANGUAGE_STANDARD = "gnu++0x";
				CLANG_CXX_LIBRARY = "libc++";
				CLANG_ENABLE_MODULES = YES;
				CLANG_ENABLE_OBJC_ARC = YES;
				CLANG_WARN_BOOL_CONVERSION = YES;
				CLANG_WARN_CONSTANT_CONVERSION = YES;
				CLANG_WARN_DIRECT_OBJC_ISA_USAGE = YES_ERROR;
				CLANG_WARN_EMPTY_BODY = YES;
				CLANG_WARN_ENUM_CONVERSION = YES;
				CLANG_WARN_INT_CONVERSION = YES;
				CLANG_WARN_OBJC_ROOT_CLASS = YES_ERROR;
				CLANG_WARN_UNREACHABLE_CODE = YES;
				CLANG_WARN__DUPLICATE_METHOD_MATCH = YES;
				"CODE_SIGN_IDENTITY[sdk=iphoneos*]" = "iPhone Developer";
				COPY_PHASE_STRIP = YES;
				ENABLE_NS_ASSERTIONS = NO;
				ENABLE_STRICT_OBJC_MSGSEND = YES;
				GCC_C_LANGUAGE_STANDARD = gnu99;
				GCC_WARN_64_TO_32_BIT_CONVERSION = YES;
				GCC_WARN_ABOUT_RETURN_TYPE = YES_ERROR;
				GCC_WARN_UNDECLARED_SELECTOR = YES;
				GCC_WARN_UNINITIALIZED_AUTOS = YES_AGGRESSIVE;
				GCC_WARN_UNUSED_FUNCTION = YES;
				GCC_WARN_UNUSED_VARIABLE = YES;
				IPHONEOS_DEPLOYMENT_TARGET = 7.0;
				MTL_ENABLE_DEBUG_INFO = NO;
				SDKROOT = iphoneos;
				VALIDATE_PRODUCT = YES;
			};
			name = Release;
		};
		1AE5F8001A8011AF00699394 /* Debug */ = {
			isa = XCBuildConfiguration;
			buildSettings = {
				ASSETCATALOG_COMPILER_APPICON_NAME = AppIcon;
				INFOPLIST_FILE = TwitterCachedST/Info.plist;
				LD_RUNPATH_SEARCH_PATHS = "$(inherited) @executable_path/Frameworks";
				PRODUCT_NAME = "$(TARGET_NAME)";
			};
			name = Debug;
		};
		1AE5F8011A8011AF00699394 /* Release */ = {
			isa = XCBuildConfiguration;
			buildSettings = {
				ASSETCATALOG_COMPILER_APPICON_NAME = AppIcon;
				INFOPLIST_FILE = TwitterCachedST/Info.plist;
				LD_RUNPATH_SEARCH_PATHS = "$(inherited) @executable_path/Frameworks";
				PRODUCT_NAME = "$(TARGET_NAME)";
			};
			name = Release;
		};
		1AE5F8031A8011AF00699394 /* Debug */ = {
			isa = XCBuildConfiguration;
			buildSettings = {
				BUNDLE_LOADER = "$(TEST_HOST)";
				FRAMEWORK_SEARCH_PATHS = (
					"$(SDKROOT)/Developer/Library/Frameworks",
					"$(inherited)",
				);
				GCC_PREPROCESSOR_DEFINITIONS = (
					"DEBUG=1",
					"$(inherited)",
				);
				INFOPLIST_FILE = TwitterCachedSTTests/Info.plist;
				LD_RUNPATH_SEARCH_PATHS = "$(inherited) @executable_path/Frameworks @loader_path/Frameworks";
				PRODUCT_NAME = "$(TARGET_NAME)";
				TEST_HOST = "$(BUILT_PRODUCTS_DIR)/TwitterCachedST.app/TwitterCachedST";
			};
			name = Debug;
		};
		1AE5F8041A8011AF00699394 /* Release */ = {
			isa = XCBuildConfiguration;
			buildSettings = {
				BUNDLE_LOADER = "$(TEST_HOST)";
				FRAMEWORK_SEARCH_PATHS = (
					"$(SDKROOT)/Developer/Library/Frameworks",
					"$(inherited)",
				);
				INFOPLIST_FILE = TwitterCachedSTTests/Info.plist;
				LD_RUNPATH_SEARCH_PATHS = "$(inherited) @executable_path/Frameworks @loader_path/Frameworks";
				PRODUCT_NAME = "$(TARGET_NAME)";
				TEST_HOST = "$(BUILT_PRODUCTS_DIR)/TwitterCachedST.app/TwitterCachedST";
			};
			name = Release;
		};
/* End XCBuildConfiguration section */

/* Begin XCConfigurationList section */
		1AE5F7D41A8011AE00699394 /* Build configuration list for PBXProject "TwitterCachedST" */ = {
			isa = XCConfigurationList;
			buildConfigurations = (
				1AE5F7FD1A8011AF00699394 /* Debug */,
				1AE5F7FE1A8011AF00699394 /* Release */,
			);
			defaultConfigurationIsVisible = 0;
			defaultConfigurationName = Release;
		};
		1AE5F7FF1A8011AF00699394 /* Build configuration list for PBXNativeTarget "TwitterCachedST" */ = {
			isa = XCConfigurationList;
			buildConfigurations = (
				1AE5F8001A8011AF00699394 /* Debug */,
				1AE5F8011A8011AF00699394 /* Release */,
			);
			defaultConfigurationIsVisible = 0;
			defaultConfigurationName = Release;
		};
		1AE5F8021A8011AF00699394 /* Build configuration list for PBXNativeTarget "TwitterCachedSTTests" */ = {
			isa = XCConfigurationList;
			buildConfigurations = (
				1AE5F8031A8011AF00699394 /* Debug */,
				1AE5F8041A8011AF00699394 /* Release */,
			);
			defaultConfigurationIsVisible = 0;
			defaultConfigurationName = Release;
		};
/* End XCConfigurationList section */
	};
	rootObject = 1AE5F7D11A8011AE00699394 /* Project object */;
}
